
Microsoft Visual Studio Solution File, Format Version 12.00
# Visual Studio Version 16
VisualStudioVersion = 16.0.30907.101
MinimumVisualStudioVersion = 10.0.40219.1
Project("{FAE04EC0-301F-11D3-BF4B-00C04F79EFBC}") = "06.02.2021", "06.02.2021.csproj", "{25075E32-ABB8-4DE2-880F-F32C2388906A}"
EndProject
Global
	GlobalSection(SolutionConfigurationPlatforms) = preSolution
		Debug|Any CPU = Debug|Any CPU
		Release|Any CPU = Release|Any CPU
	EndGlobalSection
	GlobalSection(ProjectConfigurationPlatforms) = postSolution
		{25075E32-ABB8-4DE2-880F-F32C2388906A}.Debug|Any CPU.ActiveCfg = Debug|Any CPU
		{25075E32-ABB8-4DE2-880F-F32C2388906A}.Debug|Any CPU.Build.0 = Debug|Any CPU
		{25075E32-ABB8-4DE2-880F-F32C2388906A}.Release|Any CPU.ActiveCfg = Release|Any CPU
		{25075E32-ABB8-4DE2-880F-F32C2388906A}.Release|Any CPU.Build.0 = Release|Any CPU
	EndGlobalSection
	GlobalSection(SolutionProperties) = preSolution
		HideSolutionNode = FALSE
	EndGlobalSection
	GlobalSection(ExtensibilityGlobals) = postSolution
		SolutionGuid = {4C6EC5D3-29C5-4A61-B7A2-2329DBDA11B4}
	EndGlobalSection
EndGlobal
